// !$*UTF8*$!
{
	archiveVersion = 1;
	classes = {
	};
	objectVersion = 55;
	objects = {

/* Begin PBXBuildFile section */
		6DF84A4B275779DB00E235A3 /* AppDelegate.swift in Sources */ = {isa = PBXBuildFile; fileRef = 6DF84A4A275779DB00E235A3 /* AppDelegate.swift */; };
		6DF84A4D275779DB00E235A3 /* ViewController.swift in Sources */ = {isa = PBXBuildFile; fileRef = 6DF84A4C275779DB00E235A3 /* ViewController.swift */; };
		6DF84A4F275779DC00E235A3 /* Assets.xcassets in Resources */ = {isa = PBXBuildFile; fileRef = 6DF84A4E275779DC00E235A3 /* Assets.xcassets */; };
		6DF84A52275779DC00E235A3 /* Main.storyboard in Resources */ = {isa = PBXBuildFile; fileRef = 6DF84A50275779DC00E235A3 /* Main.storyboard */; };
		6DF84A5D275779DC00E235A3 /* qwertyTests.swift in Sources */ = {isa = PBXBuildFile; fileRef = 6DF84A5C275779DC00E235A3 /* qwertyTests.swift */; };
		6DF84A67275779DC00E235A3 /* qwertyUITests.swift in Sources */ = {isa = PBXBuildFile; fileRef = 6DF84A66275779DC00E235A3 /* qwertyUITests.swift */; };
		6DF84A69275779DC00E235A3 /* qwertyUITestsLaunchTests.swift in Sources */ = {isa = PBXBuildFile; fileRef = 6DF84A68275779DC00E235A3 /* qwertyUITestsLaunchTests.swift */; };
/* End PBXBuildFile section */

/* Begin PBXContainerItemProxy section */
		6DF84A59275779DC00E235A3 /* PBXContainerItemProxy */ = {
			isa = PBXContainerItemProxy;
			containerPortal = 6DF84A3F275779DB00E235A3 /* Project object */;
			proxyType = 1;
			remoteGlobalIDString = 6DF84A46275779DB00E235A3;
			remoteInfo = qwerty;
		};
		6DF84A63275779DC00E235A3 /* PBXContainerItemProxy */ = {
			isa = PBXContainerItemProxy;
			containerPortal = 6DF84A3F275779DB00E235A3 /* Project object */;
			proxyType = 1;
			remoteGlobalIDString = 6DF84A46275779DB00E235A3;
			remoteInfo = qwerty;
		};
/* End PBXContainerItemProxy section */

/* Begin PBXFileReference section */
		6DF84A47275779DB00E235A3 /* qwerty.app */ = {isa = PBXFileReference; explicitFileType = wrapper.application; includeInIndex = 0; path = qwerty.app; sourceTree = BUILT_PRODUCTS_DIR; };
		6DF84A4A275779DB00E235A3 /* AppDelegate.swift */ = {isa = PBXFileReference; lastKnownFileType = sourcecode.swift; path = AppDelegate.swift; sourceTree = "<group>"; };
		6DF84A4C275779DB00E235A3 /* ViewController.swift */ = {isa = PBXFileReference; lastKnownFileType = sourcecode.swift; path = ViewController.swift; sourceTree = "<group>"; };
		6DF84A4E275779DC00E235A3 /* Assets.xcassets */ = {isa = PBXFileReference; lastKnownFileType = folder.assetcatalog; path = Assets.xcassets; sourceTree = "<group>"; };
		6DF84A51275779DC00E235A3 /* Base */ = {isa = PBXFileReference; lastKnownFileType = file.storyboard; name = Base; path = Base.lproj/Main.storyboard; sourceTree = "<group>"; };
		6DF84A53275779DC00E235A3 /* qwerty.entitlements */ = {isa = PBXFileReference; lastKnownFileType = text.plist.entitlements; path = qwerty.entitlements; sourceTree = "<group>"; };
		6DF84A58275779DC00E235A3 /* qwertyTests.xctest */ = {isa = PBXFileReference; explicitFileType = wrapper.cfbundle; includeInIndex = 0; path = qwertyTests.xctest; sourceTree = BUILT_PRODUCTS_DIR; };
		6DF84A5C275779DC00E235A3 /* qwertyTests.swift */ = {isa = PBXFileReference; lastKnownFileType = sourcecode.swift; path = qwertyTests.swift; sourceTree = "<group>"; };
		6DF84A62275779DC00E235A3 /* qwertyUITests.xctest */ = {isa = PBXFileReference; explicitFileType = wrapper.cfbundle; includeInIndex = 0; path = qwertyUITests.xctest; sourceTree = BUILT_PRODUCTS_DIR; };
		6DF84A66275779DC00E235A3 /* qwertyUITests.swift */ = {isa = PBXFileReference; lastKnownFileType = sourcecode.swift; path = qwertyUITests.swift; sourceTree = "<group>"; };
		6DF84A68275779DC00E235A3 /* qwertyUITestsLaunchTests.swift */ = {isa = PBXFileReference; lastKnownFileType = sourcecode.swift; path = qwertyUITestsLaunchTests.swift; sourceTree = "<group>"; };
/* End PBXFileReference section */

/* Begin PBXFrameworksBuildPhase section */
		6DF84A44275779DB00E235A3 /* Frameworks */ = {
			isa = PBXFrameworksBuildPhase;
			buildActionMask = 2147483647;
			files = (
			);
			runOnlyForDeploymentPostprocessing = 0;
		};
		6DF84A55275779DC00E235A3 /* Frameworks */ = {
			isa = PBXFrameworksBuildPhase;
			buildActionMask = 2147483647;
			files = (
			);
			runOnlyForDeploymentPostprocessing = 0;
		};
		6DF84A5F275779DC00E235A3 /* Frameworks */ = {
			isa = PBXFrameworksBuildPhase;
			buildActionMask = 2147483647;
			files = (
			);
			runOnlyForDeploymentPostprocessing = 0;
		};
/* End PBXFrameworksBuildPhase section */

/* Begin PBXGroup section */
		6DF84A3E275779DB00E235A3 = {
			isa = PBXGroup;
			children = (
				6DF84A49275779DB00E235A3 /* qwerty */,
				6DF84A5B275779DC00E235A3 /* qwertyTests */,
				6DF84A65275779DC00E235A3 /* qwertyUITests */,
				6DF84A48275779DB00E235A3 /* Products */,
			);
			sourceTree = "<group>";
		};
		6DF84A48275779DB00E235A3 /* Products */ = {
			isa = PBXGroup;
			children = (
				6DF84A47275779DB00E235A3 /* qwerty.app */,
				6DF84A58275779DC00E235A3 /* qwertyTests.xctest */,
				6DF84A62275779DC00E235A3 /* qwertyUITests.xctest */,
			);
			name = Products;
			sourceTree = "<group>";
		};
		6DF84A49275779DB00E235A3 /* qwerty */ = {
			isa = PBXGroup;
			children = (
				6DF84A4A275779DB00E235A3 /* AppDelegate.swift */,
				6DF84A4C275779DB00E235A3 /* ViewController.swift */,
				6DF84A4E275779DC00E235A3 /* Assets.xcassets */,
				6DF84A50275779DC00E235A3 /* Main.storyboard */,
				6DF84A53275779DC00E235A3 /* qwerty.entitlements */,
			);
			path = qwerty;
			sourceTree = "<group>";
		};
		6DF84A5B275779DC00E235A3 /* qwertyTests */ = {
			isa = PBXGroup;
			children = (
				6DF84A5C275779DC00E235A3 /* qwertyTests.swift */,
			);
			path = qwertyTests;
			sourceTree = "<group>";
		};
		6DF84A65275779DC00E235A3 /* qwertyUITests */ = {
			isa = PBXGroup;
			children = (
				6DF84A66275779DC00E235A3 /* qwertyUITests.swift */,
				6DF84A68275779DC00E235A3 /* qwertyUITestsLaunchTests.swift */,
			);
			path = qwertyUITests;
			sourceTree = "<group>";
		};
/* End PBXGroup section */

/* Begin PBXNativeTarget section */
		6DF84A46275779DB00E235A3 /* qwerty */ = {
			isa = PBXNativeTarget;
			buildConfigurationList = 6DF84A6C275779DC00E235A3 /* Build configuration list for PBXNativeTarget "qwerty" */;
			buildPhases = (
				6DF84A43275779DB00E235A3 /* Sources */,
				6DF84A44275779DB00E235A3 /* Frameworks */,
				6DF84A45275779DB00E235A3 /* Resources */,
			);
			buildRules = (
			);
			dependencies = (
			);
			name = qwerty;
			productName = qwerty;
			productReference = 6DF84A47275779DB00E235A3 /* qwerty.app */;
			productType = "com.apple.product-type.application";
		};
		6DF84A57275779DC00E235A3 /* qwertyTests */ = {
			isa = PBXNativeTarget;
			buildConfigurationList = 6DF84A6F275779DC00E235A3 /* Build configuration list for PBXNativeTarget "qwertyTests" */;
			buildPhases = (
				6DF84A54275779DC00E235A3 /* Sources */,
				6DF84A55275779DC00E235A3 /* Frameworks */,
				6DF84A56275779DC00E235A3 /* Resources */,
			);
			buildRules = (
			);
			dependencies = (
				6DF84A5A275779DC00E235A3 /* PBXTargetDependency */,
			);
			name = qwertyTests;
			productName = qwertyTests;
			productReference = 6DF84A58275779DC00E235A3 /* qwertyTests.xctest */;
			productType = "com.apple.product-type.bundle.unit-test";
		};
		6DF84A61275779DC00E235A3 /* qwertyUITests */ = {
			isa = PBXNativeTarget;
			buildConfigurationList = 6DF84A72275779DC00E235A3 /* Build configuration list for PBXNativeTarget "qwertyUITests" */;
			buildPhases = (
				6DF84A5E275779DC00E235A3 /* Sources */,
				6DF84A5F275779DC00E235A3 /* Frameworks */,
				6DF84A60275779DC00E235A3 /* Resources */,
			);
			buildRules = (
			);
			dependencies = (
				6DF84A64275779DC00E235A3 /* PBXTargetDependency */,
			);
			name = qwertyUITests;
			productName = qwertyUITests;
			productReference = 6DF84A62275779DC00E235A3 /* qwertyUITests.xctest */;
			productType = "com.apple.product-type.bundle.ui-testing";
		};
/* End PBXNativeTarget section */

/* Begin PBXProject section */
		6DF84A3F275779DB00E235A3 /* Project object */ = {
			isa = PBXProject;
			attributes = {
				BuildIndependentTargetsInParallel = 1;
				LastSwiftUpdateCheck = 1310;
				LastUpgradeCheck = 1310;
				TargetAttributes = {
					6DF84A46275779DB00E235A3 = {
						CreatedOnToolsVersion = 13.1;
					};
					6DF84A57275779DC00E235A3 = {
						CreatedOnToolsVersion = 13.1;
						TestTargetID = 6DF84A46275779DB00E235A3;
					};
					6DF84A61275779DC00E235A3 = {
						CreatedOnToolsVersion = 13.1;
						TestTargetID = 6DF84A46275779DB00E235A3;
					};
				};
			};
			buildConfigurationList = 6DF84A42275779DB00E235A3 /* Build configuration list for PBXProject "qwerty" */;
			compatibilityVersion = "Xcode 13.0";
			developmentRegion = en;
			hasScannedForEncodings = 0;
			knownRegions = (
				en,
				Base,
			);
			mainGroup = 6DF84A3E275779DB00E235A3;
			productRefGroup = 6DF84A48275779DB00E235A3 /* Products */;
			projectDirPath = "";
			projectRoot = "";
			targets = (
				6DF84A46275779DB00E235A3 /* qwerty */,
				6DF84A57275779DC00E235A3 /* qwertyTests */,
				6DF84A61275779DC00E235A3 /* qwertyUITests */,
			);
		};
/* End PBXProject section */

/* Begin PBXResourcesBuildPhase section */
		6DF84A45275779DB00E235A3 /* Resources */ = {
			isa = PBXResourcesBuildPhase;
			buildActionMask = 2147483647;
			files = (
				6DF84A4F275779DC00E235A3 /* Assets.xcassets in Resources */,
				6DF84A52275779DC00E235A3 /* Main.storyboard in Resources */,
			);
			runOnlyForDeploymentPostprocessing = 0;
		};
		6DF84A56275779DC00E235A3 /* Resources */ = {
			isa = PBXResourcesBuildPhase;
			buildActionMask = 2147483647;
			files = (
			);
			runOnlyForDeploymentPostprocessing = 0;
		};
		6DF84A60275779DC00E235A3 /* Resources */ = {
			isa = PBXResourcesBuildPhase;
			buildActionMask = 2147483647;
			files = (
			);
			runOnlyForDeploymentPostprocessing = 0;
		};
/* End PBXResourcesBuildPhase section */

/* Begin PBXSourcesBuildPhase section */
		6DF84A43275779DB00E235A3 /* Sources */ = {
			isa = PBXSourcesBuildPhase;
			buildActionMask = 2147483647;
			files = (
				6DF84A4D275779DB00E235A3 /* ViewController.swift in Sources */,
				6DF84A4B275779DB00E235A3 /* AppDelegate.swift in Sources */,
			);
			runOnlyForDeploymentPostprocessing = 0;
		};
		6DF84A54275779DC00E235A3 /* Sources */ = {
			isa = PBXSourcesBuildPhase;
			buildActionMask = 2147483647;
			files = (
				6DF84A5D275779DC00E235A3 /* qwertyTests.swift in Sources */,
			);
			runOnlyForDeploymentPostprocessing = 0;
		};
		6DF84A5E275779DC00E235A3 /* Sources */ = {
			isa = PBXSourcesBuildPhase;
			buildActionMask = 2147483647;
			files = (
				6DF84A69275779DC00E235A3 /* qwertyUITestsLaunchTests.swift in Sources */,
				6DF84A67275779DC00E235A3 /* qwertyUITests.swift in Sources */,
			);
			runOnlyForDeploymentPostprocessing = 0;
		};
/* End PBXSourcesBuildPhase section */

/* Begin PBXTargetDependency section */
		6DF84A5A275779DC00E235A3 /* PBXTargetDependency */ = {
			isa = PBXTargetDependency;
			target = 6DF84A46275779DB00E235A3 /* qwerty */;
			targetProxy = 6DF84A59275779DC00E235A3 /* PBXContainerItemProxy */;
		};
		6DF84A64275779DC00E235A3 /* PBXTargetDependency */ = {
			isa = PBXTargetDependency;
			target = 6DF84A46275779DB00E235A3 /* qwerty */;
			targetProxy = 6DF84A63275779DC00E235A3 /* PBXContainerItemProxy */;
		};
/* End PBXTargetDependency section */

/* Begin PBXVariantGroup section */
		6DF84A50275779DC00E235A3 /* Main.storyboard */ = {
			isa = PBXVariantGroup;
			children = (
				6DF84A51275779DC00E235A3 /* Base */,
			);
			name = Main.storyboard;
			sourceTree = "<group>";
		};
/* End PBXVariantGroup section */

/* Begin XCBuildConfiguration section */
		6DF84A6A275779DC00E235A3 /* Debug */ = {
			isa = XCBuildConfiguration;
			buildSettings = {
				ALWAYS_SEARCH_USER_PATHS = NO;
				CLANG_ANALYZER_NONNULL = YES;
				CLANG_ANALYZER_NUMBER_OBJECT_CONVERSION = YES_AGGRESSIVE;
				CLANG_CXX_LANGUAGE_STANDARD = "gnu++17";
				CLANG_CXX_LIBRARY = "libc++";
				CLANG_ENABLE_MODULES = YES;
				CLANG_ENABLE_OBJC_ARC = YES;
				CLANG_ENABLE_OBJC_WEAK = YES;
				CLANG_WARN_BLOCK_CAPTURE_AUTORELEASING = YES;
				CLANG_WARN_BOOL_CONVERSION = YES;
				CLANG_WARN_COMMA = YES;
				CLANG_WARN_CONSTANT_CONVERSION = YES;
				CLANG_WARN_DEPRECATED_OBJC_IMPLEMENTATIONS = YES;
				CLANG_WARN_DIRECT_OBJC_ISA_USAGE = YES_ERROR;
				CLANG_WARN_DOCUMENTATION_COMMENTS = YES;
				CLANG_WARN_EMPTY_BODY = YES;
				CLANG_WARN_ENUM_CONVERSION = YES;
				CLANG_WARN_INFINITE_RECURSION = YES;
				CLANG_WARN_INT_CONVERSION = YES;
				CLANG_WARN_NON_LITERAL_NULL_CONVERSION = YES;
				CLANG_WARN_OBJC_IMPLICIT_RETAIN_SELF = YES;
				CLANG_WARN_OBJC_LITERAL_CONVERSION = YES;
				CLANG_WARN_OBJC_ROOT_CLASS = YES_ERROR;
				CLANG_WARN_QUOTED_INCLUDE_IN_FRAMEWORK_HEADER = YES;
				CLANG_WARN_RANGE_LOOP_ANALYSIS = YES;
				CLANG_WARN_STRICT_PROTOTYPES = YES;
				CLANG_WARN_SUSPICIOUS_MOVE = YES;
				CLANG_WARN_UNGUARDED_AVAILABILITY = YES_AGGRESSIVE;
				CLANG_WARN_UNREACHABLE_CODE = YES;
				CLANG_WARN__DUPLICATE_METHOD_MATCH = YES;
				COPY_PHASE_STRIP = NO;
				DEBUG_INFORMATION_FORMAT = dwarf;
				ENABLE_STRICT_OBJC_MSGSEND = YES;
				ENABLE_TESTABILITY = YES;
				GCC_C_LANGUAGE_STANDARD = gnu11;
				GCC_DYNAMIC_NO_PIC = NO;
				GCC_NO_COMMON_BLOCKS = YES;
				GCC_OPTIMIZATION_LEVEL = 0;
				GCC_PREPROCESSOR_DEFINITIONS = (
					"DEBUG=1",
					"$(inherited)",
				);
				GCC_WARN_64_TO_32_BIT_CONVERSION = YES;
				GCC_WARN_ABOUT_RETURN_TYPE = YES_ERROR;
				GCC_WARN_UNDECLARED_SELECTOR = YES;
				GCC_WARN_UNINITIALIZED_AUTOS = YES_AGGRESSIVE;
				GCC_WARN_UNUSED_FUNCTION = YES;
				GCC_WARN_UNUSED_VARIABLE = YES;
				MACOSX_DEPLOYMENT_TARGET = 11.6;
				MTL_ENABLE_DEBUG_INFO = INCLUDE_SOURCE;
				MTL_FAST_MATH = YES;
				ONLY_ACTIVE_ARCH = YES;
				SDKROOT = macosx;
				SWIFT_ACTIVE_COMPILATION_CONDITIONS = DEBUG;
				SWIFT_OPTIMIZATION_LEVEL = "-Onone";
			};
			name = Debug;
		};
		6DF84A6B275779DC00E235A3 /* Release */ = {
			isa = XCBuildConfiguration;
			buildSettings = {
				ALWAYS_SEARCH_USER_PATHS = NO;
				CLANG_ANALYZER_NONNULL = YES;
				CLANG_ANALYZER_NUMBER_OBJECT_CONVERSION = YES_AGGRESSIVE;
				CLANG_CXX_LANGUAGE_STANDARD = "gnu++17";
				CLANG_CXX_LIBRARY = "libc++";
				CLANG_ENABLE_MODULES = YES;
				CLANG_ENABLE_OBJC_ARC = YES;
				CLANG_ENABLE_OBJC_WEAK = YES;
				CLANG_WARN_BLOCK_CAPTURE_AUTORELEASING = YES;
				CLANG_WARN_BOOL_CONVERSION = YES;
				CLANG_WARN_COMMA = YES;
				CLANG_WARN_CONSTANT_CONVERSION = YES;
				CLANG_WARN_DEPRECATED_OBJC_IMPLEMENTATIONS = YES;
				CLANG_WARN_DIRECT_OBJC_ISA_USAGE = YES_ERROR;
				CLANG_WARN_DOCUMENTATION_COMMENTS = YES;
				CLANG_WARN_EMPTY_BODY = YES;
				CLANG_WARN_ENUM_CONVERSION = YES;
				CLANG_WARN_INFINITE_RECURSION = YES;
				CLANG_WARN_INT_CONVERSION = YES;
				CLANG_WARN_NON_LITERAL_NULL_CONVERSION = YES;
				CLANG_WARN_OBJC_IMPLICIT_RETAIN_SELF = YES;
				CLANG_WARN_OBJC_LITERAL_CONVERSION = YES;
				CLANG_WARN_OBJC_ROOT_CLASS = YES_ERROR;
				CLANG_WARN_QUOTED_INCLUDE_IN_FRAMEWORK_HEADER = YES;
				CLANG_WARN_RANGE_LOOP_ANALYSIS = YES;
				CLANG_WARN_STRICT_PROTOTYPES = YES;
				CLANG_WARN_SUSPICIOUS_MOVE = YES;
				CLANG_WARN_UNGUARDED_AVAILABILITY = YES_AGGRESSIVE;
				CLANG_WARN_UNREACHABLE_CODE = YES;
				CLANG_WARN__DUPLICATE_METHOD_MATCH = YES;
				COPY_PHASE_STRIP = NO;
				DEBUG_INFORMATION_FORMAT = "dwarf-with-dsym";
				ENABLE_NS_ASSERTIONS = NO;
				ENABLE_STRICT_OBJC_MSGSEND = YES;
				GCC_C_LANGUAGE_STANDARD = gnu11;
				GCC_NO_COMMON_BLOCKS = YES;
				GCC_WARN_64_TO_32_BIT_CONVERSION = YES;
				GCC_WARN_ABOUT_RETURN_TYPE = YES_ERROR;
				GCC_WARN_UNDECLARED_SELECTOR = YES;
				GCC_WARN_UNINITIALIZED_AUTOS = YES_AGGRESSIVE;
				GCC_WARN_UNUSED_FUNCTION = YES;
				GCC_WARN_UNUSED_VARIABLE = YES;
				MACOSX_DEPLOYMENT_TARGET = 11.6;
				MTL_ENABLE_DEBUG_INFO = NO;
				MTL_FAST_MATH = YES;
				SDKROOT = macosx;
				SWIFT_COMPILATION_MODE = wholemodule;
				SWIFT_OPTIMIZATION_LEVEL = "-O";
			};
			name = Release;
		};
		6DF84A6D275779DC00E235A3 /* Debug */ = {
			isa = XCBuildConfiguration;
			buildSettings = {
				ASSETCATALOG_COMPILER_APPICON_NAME = AppIcon;
				ASSETCATALOG_COMPILER_GLOBAL_ACCENT_COLOR_NAME = AccentColor;
				CODE_SIGN_ENTITLEMENTS = qwerty/qwerty.entitlements;
				CODE_SIGN_STYLE = Automatic;
				COMBINE_HIDPI_IMAGES = YES;
				CURRENT_PROJECT_VERSION = 1;
				DEVELOPMENT_TEAM = 9AC9DQSH5M;
				ENABLE_HARDENED_RUNTIME = YES;
				GENERATE_INFOPLIST_FILE = YES;
				INFOPLIST_KEY_NSHumanReadableCopyright = "";
				INFOPLIST_KEY_NSMainStoryboardFile = Main;
				INFOPLIST_KEY_NSPrincipalClass = NSApplication;
				LD_RUNPATH_SEARCH_PATHS = (
					"$(inherited)",
					"@executable_path/../Frameworks",
				);
				MARKETING_VERSION = 1.0;
				PRODUCT_BUNDLE_IDENTIFIER = "abi-abi.qwerty";
				PRODUCT_NAME = "$(TARGET_NAME)";
				SWIFT_EMIT_LOC_STRINGS = YES;
				SWIFT_VERSION = 5.0;
			};
			name = Debug;
		};
		6DF84A6E275779DC00E235A3 /* Release */ = {
			isa = XCBuildConfiguration;
			buildSettings = {
				ASSETCATALOG_COMPILER_APPICON_NAME = AppIcon;
				ASSETCATALOG_COMPILER_GLOBAL_ACCENT_COLOR_NAME = AccentColor;
				CODE_SIGN_ENTITLEMENTS = qwerty/qwerty.entitlements;
				CODE_SIGN_STYLE = Automatic;
				COMBINE_HIDPI_IMAGES = YES;
				CURRENT_PROJECT_VERSION = 1;
				DEVELOPMENT_TEAM = 9AC9DQSH5M;
				ENABLE_HARDENED_RUNTIME = YES;
				GENERATE_INFOPLIST_FILE = YES;
				INFOPLIST_KEY_NSHumanReadableCopyright = "";
				INFOPLIST_KEY_NSMainStoryboardFile = Main;
				INFOPLIST_KEY_NSPrincipalClass = NSApplication;
				LD_RUNPATH_SEARCH_PATHS = (
					"$(inherited)",
					"@executable_path/../Frameworks",
				);
				MARKETING_VERSION = 1.0;
				PRODUCT_BUNDLE_IDENTIFIER = "abi-abi.qwerty";
				PRODUCT_NAME = "$(TARGET_NAME)";
				SWIFT_EMIT_LOC_STRINGS = YES;
				SWIFT_VERSION = 5.0;
			};
			name = Release;
		};
		6DF84A70275779DC00E235A3 /* Debug */ = {
			isa = XCBuildConfiguration;
			buildSettings = {
				ALWAYS_EMBED_SWIFT_STANDARD_LIBRARIES = YES;
				BUNDLE_LOADER = "$(TEST_HOST)";
				CODE_SIGN_STYLE = Automatic;
				COMBINE_HIDPI_IMAGES = YES;
				CURRENT_PROJECT_VERSION = 1;
				DEVELOPMENT_TEAM = 9AC9DQSH5M;
				GENERATE_INFOPLIST_FILE = YES;
				LD_RUNPATH_SEARCH_PATHS = (
					"$(inherited)",
					"@executable_path/../Frameworks",
					"@loader_path/../Frameworks",
				);
				MACOSX_DEPLOYMENT_TARGET = 11.6;
				MARKETING_VERSION = 1.0;
				PRODUCT_BUNDLE_IDENTIFIER = "abi-abi.qwertyTests";
				PRODUCT_NAME = "$(TARGET_NAME)";
				SWIFT_EMIT_LOC_STRINGS = NO;
				SWIFT_VERSION = 5.0;
				TEST_HOST = "$(BUILT_PRODUCTS_DIR)/qwerty.app/Contents/MacOS/qwerty";
			};
			name = Debug;
		};
		6DF84A71275779DC00E235A3 /* Release */ = {
			isa = XCBuildConfiguration;
			buildSettings = {
				ALWAYS_EMBED_SWIFT_STANDARD_LIBRARIES = YES;
				BUNDLE_LOADER = "$(TEST_HOST)";
				CODE_SIGN_STYLE = Automatic;
				COMBINE_HIDPI_IMAGES = YES;
				CURRENT_PROJECT_VERSION = 1;
				DEVELOPMENT_TEAM = 9AC9DQSH5M;
				GENERATE_INFOPLIST_FILE = YES;
				LD_RUNPATH_SEARCH_PATHS = (
					"$(inherited)",
					"@executable_path/../Frameworks",
					"@loader_path/../Frameworks",
				);
				MACOSX_DEPLOYMENT_TARGET = 11.6;
				MARKETING_VERSION = 1.0;
				PRODUCT_BUNDLE_IDENTIFIER = "abi-abi.qwertyTests";
				PRODUCT_NAME = "$(TARGET_NAME)";
				SWIFT_EMIT_LOC_STRINGS = NO;
				SWIFT_VERSION = 5.0;
				TEST_HOST = "$(BUILT_PRODUCTS_DIR)/qwerty.app/Contents/MacOS/qwerty";
			};
			name = Release;
		};
		6DF84A73275779DC00E235A3 /* Debug */ = {
			isa = XCBuildConfiguration;
			buildSettings = {
				ALWAYS_EMBED_SWIFT_STANDARD_LIBRARIES = YES;
				CODE_SIGN_STYLE = Automatic;
				COMBINE_HIDPI_IMAGES = YES;
				CURRENT_PROJECT_VERSION = 1;
				DEVELOPMENT_TEAM = 9AC9DQSH5M;
				GENERATE_INFOPLIST_FILE = YES;
				LD_RUNPATH_SEARCH_PATHS = (
					"$(inherited)",
					"@executable_path/../Frameworks",
					"@loader_path/../Frameworks",
				);
				MARKETING_VERSION = 1.0;
				PRODUCT_BUNDLE_IDENTIFIER = "abi-abi.qwertyUITests";
				PRODUCT_NAME = "$(TARGET_NAME)";
				SWIFT_EMIT_LOC_STRINGS = NO;
				SWIFT_VERSION = 5.0;
				TEST_TARGET_NAME = qwerty;
			};
			name = Debug;
		};
		6DF84A74275779DC00E235A3 /* Release */ = {
			isa = XCBuildConfiguration;
			buildSettings = {
				ALWAYS_EMBED_SWIFT_STANDARD_LIBRARIES = YES;
				CODE_SIGN_STYLE = Automatic;
				COMBINE_HIDPI_IMAGES = YES;
				CURRENT_PROJECT_VERSION = 1;
				DEVELOPMENT_TEAM = 9AC9DQSH5M;
				GENERATE_INFOPLIST_FILE = YES;
				LD_RUNPATH_SEARCH_PATHS = (
					"$(inherited)",
					"@executable_path/../Frameworks",
					"@loader_path/../Frameworks",
				);
				MARKETING_VERSION = 1.0;
				PRODUCT_BUNDLE_IDENTIFIER = "abi-abi.qwertyUITests";
				PRODUCT_NAME = "$(TARGET_NAME)";
				SWIFT_EMIT_LOC_STRINGS = NO;
				SWIFT_VERSION = 5.0;
				TEST_TARGET_NAME = qwerty;
			};
			name = Release;
		};
/* End XCBuildConfiguration section */

/* Begin XCConfigurationList section */
		6DF84A42275779DB00E235A3 /* Build configuration list for PBXProject "qwerty" */ = {
			isa = XCConfigurationList;
			buildConfigurations = (
				6DF84A6A275779DC00E235A3 /* Debug */,
				6DF84A6B275779DC00E235A3 /* Release */,
			);
			defaultConfigurationIsVisible = 0;
			defaultConfigurationName = Release;
		};
		6DF84A6C275779DC00E235A3 /* Build configuration list for PBXNativeTarget "qwerty" */ = {
			isa = XCConfigurationList;
			buildConfigurations = (
				6DF84A6D275779DC00E235A3 /* Debug */,
				6DF84A6E275779DC00E235A3 /* Release */,
			);
			defaultConfigurationIsVisible = 0;
			defaultConfigurationName = Release;
		};
		6DF84A6F275779DC00E235A3 /* Build configuration list for PBXNativeTarget "qwertyTests" */ = {
			isa = XCConfigurationList;
			buildConfigurations = (
				6DF84A70275779DC00E235A3 /* Debug */,
				6DF84A71275779DC00E235A3 /* Release */,
			);
			defaultConfigurationIsVisible = 0;
			defaultConfigurationName = Release;
		};
		6DF84A72275779DC00E235A3 /* Build configuration list for PBXNativeTarget "qwertyUITests" */ = {
			isa = XCConfigurationList;
			buildConfigurations = (
				6DF84A73275779DC00E235A3 /* Debug */,
				6DF84A74275779DC00E235A3 /* Release */,
			);
			defaultConfigurationIsVisible = 0;
			defaultConfigurationName = Release;
		};
/* End XCConfigurationList section */
	};
	rootObject = 6DF84A3F275779DB00E235A3 /* Project object */;
}
